// !$*UTF8*$!
{
	archiveVersion = 1;
	classes = {
	};
	objectVersion = 77;
	objects = {

/* Begin PBXBuildFile section */
		728C33F62DA4CFD800E794FF /* .gitignore in Resources */ = {isa = PBXBuildFile; fileRef = 728C33F52DA4CFD100E794FF /* .gitignore */; };
/* End PBXBuildFile section */

/* Begin PBXContainerItemProxy section */
		72EFE2862D2F873000284B5F /* PBXContainerItemProxy */ = {
			isa = PBXContainerItemProxy;
			containerPortal = 72EFE2692D2F873000284B5F /* Project object */;
			proxyType = 1;
			remoteGlobalIDString = 72EFE2702D2F873000284B5F;
			remoteInfo = Migrate;
		};
		72EFE2902D2F873000284B5F /* PBXContainerItemProxy */ = {
			isa = PBXContainerItemProxy;
			containerPortal = 72EFE2692D2F873000284B5F /* Project object */;
			proxyType = 1;
			remoteGlobalIDString = 72EFE2702D2F873000284B5F;
			remoteInfo = Migrate;
		};
/* End PBXContainerItemProxy section */

/* Begin PBXFileReference section */
		728C33F52DA4CFD100E794FF /* .gitignore */ = {isa = PBXFileReference; lastKnownFileType = text; path = .gitignore; sourceTree = "<group>"; };
		72EFE2712D2F873000284B5F /* migr8.app */ = {isa = PBXFileReference; explicitFileType = wrapper.application; includeInIndex = 0; path = migr8.app; sourceTree = BUILT_PRODUCTS_DIR; };
		72EFE2852D2F873000284B5F /* migr8Tests.xctest */ = {isa = PBXFileReference; explicitFileType = wrapper.cfbundle; includeInIndex = 0; path = migr8Tests.xctest; sourceTree = BUILT_PRODUCTS_DIR; };
		72EFE28F2D2F873000284B5F /* migr8UITests.xctest */ = {isa = PBXFileReference; explicitFileType = wrapper.cfbundle; includeInIndex = 0; path = migr8UITests.xctest; sourceTree = BUILT_PRODUCTS_DIR; };
/* End PBXFileReference section */

/* Begin PBXFileSystemSynchronizedBuildFileExceptionSet section */
		72396E9E2D40AB4F008A6F8D /* Exceptions for "migr8_Swift" folder in "migr8" target */ = {
			isa = PBXFileSystemSynchronizedBuildFileExceptionSet;
			membershipExceptions = (
				Info.plist,
			);
			target = 72EFE2702D2F873000284B5F /* migr8 */;
		};
/* End PBXFileSystemSynchronizedBuildFileExceptionSet section */

/* Begin PBXFileSystemSynchronizedRootGroup section */
		72396E8F2D40AB4F008A6F8D /* migr8_Swift */ = {
			isa = PBXFileSystemSynchronizedRootGroup;
			exceptions = (
				72396E9E2D40AB4F008A6F8D /* Exceptions for "migr8_Swift" folder in "migr8" target */,
			);
			path = migr8_Swift;
			sourceTree = "<group>";
		};
		72EFE2882D2F873000284B5F /* migr8_Swift_Tests */ = {
			isa = PBXFileSystemSynchronizedRootGroup;
			path = migr8_Swift_Tests;
			sourceTree = "<group>";
		};
		72EFE2922D2F873000284B5F /* migr8_SwiftUI_Tests */ = {
			isa = PBXFileSystemSynchronizedRootGroup;
			path = migr8_SwiftUI_Tests;
			sourceTree = "<group>";
		};
/* End PBXFileSystemSynchronizedRootGroup section */

/* Begin PBXFrameworksBuildPhase section */
		72EFE26E2D2F873000284B5F /* Frameworks */ = {
			isa = PBXFrameworksBuildPhase;
			buildActionMask = 2147483647;
			files = (
			);
			runOnlyForDeploymentPostprocessing = 0;
		};
		72EFE2822D2F873000284B5F /* Frameworks */ = {
			isa = PBXFrameworksBuildPhase;
			buildActionMask = 2147483647;
			files = (
			);
			runOnlyForDeploymentPostprocessing = 0;
		};
		72EFE28C2D2F873000284B5F /* Frameworks */ = {
			isa = PBXFrameworksBuildPhase;
			buildActionMask = 2147483647;
			files = (
			);
			runOnlyForDeploymentPostprocessing = 0;
		};
/* End PBXFrameworksBuildPhase section */

/* Begin PBXGroup section */
		72EFE2682D2F873000284B5F = {
			isa = PBXGroup;
			children = (
				728C33F52DA4CFD100E794FF /* .gitignore */,
				72396E8F2D40AB4F008A6F8D /* migr8_Swift */,
				72EFE2882D2F873000284B5F /* migr8_Swift_Tests */,
				72EFE2922D2F873000284B5F /* migr8_SwiftUI_Tests */,
				72EFE2722D2F873000284B5F /* Products */,
			);
			sourceTree = "<group>";
		};
		72EFE2722D2F873000284B5F /* Products */ = {
			isa = PBXGroup;
			children = (
				72EFE2712D2F873000284B5F /* migr8.app */,
				72EFE2852D2F873000284B5F /* migr8Tests.xctest */,
				72EFE28F2D2F873000284B5F /* migr8UITests.xctest */,
			);
			name = Products;
			sourceTree = "<group>";
		};
/* End PBXGroup section */

/* Begin PBXNativeTarget section */
		72EFE2702D2F873000284B5F /* migr8 */ = {
			isa = PBXNativeTarget;
			buildConfigurationList = 72EFE2982D2F873000284B5F /* Build configuration list for PBXNativeTarget "migr8" */;
			buildPhases = (
				72EFE26D2D2F873000284B5F /* Sources */,
				72EFE26E2D2F873000284B5F /* Frameworks */,
				72EFE26F2D2F873000284B5F /* Resources */,
			);
			buildRules = (
			);
			dependencies = (
			);
			fileSystemSynchronizedGroups = (
				72396E8F2D40AB4F008A6F8D /* migr8_Swift */,
			);
			name = migr8;
			packageProductDependencies = (
			);
			productName = Migrate;
			productReference = 72EFE2712D2F873000284B5F /* migr8.app */;
			productType = "com.apple.product-type.application";
		};
		72EFE2842D2F873000284B5F /* migr8Tests */ = {
			isa = PBXNativeTarget;
			buildConfigurationList = 72EFE29D2D2F873000284B5F /* Build configuration list for PBXNativeTarget "migr8Tests" */;
			buildPhases = (
				72EFE2812D2F873000284B5F /* Sources */,
				72EFE2822D2F873000284B5F /* Frameworks */,
				72EFE2832D2F873000284B5F /* Resources */,
			);
			buildRules = (
			);
			dependencies = (
				72EFE2872D2F873000284B5F /* PBXTargetDependency */,
			);
			fileSystemSynchronizedGroups = (
				72EFE2882D2F873000284B5F /* migr8_Swift_Tests */,
			);
			name = migr8Tests;
			packageProductDependencies = (
			);
			productName = MigrateTests;
			productReference = 72EFE2852D2F873000284B5F /* migr8Tests.xctest */;
			productType = "com.apple.product-type.bundle.unit-test";
		};
		72EFE28E2D2F873000284B5F /* migr8UITests */ = {
			isa = PBXNativeTarget;
			buildConfigurationList = 72EFE2A02D2F873000284B5F /* Build configuration list for PBXNativeTarget "migr8UITests" */;
			buildPhases = (
				72EFE28B2D2F873000284B5F /* Sources */,
				72EFE28C2D2F873000284B5F /* Frameworks */,
				72EFE28D2D2F873000284B5F /* Resources */,
			);
			buildRules = (
			);
			dependencies = (
				72EFE2912D2F873000284B5F /* PBXTargetDependency */,
			);
			fileSystemSynchronizedGroups = (
				72EFE2922D2F873000284B5F /* migr8_SwiftUI_Tests */,
			);
			name = migr8UITests;
			packageProductDependencies = (
			);
			productName = MigrateUITests;
			productReference = 72EFE28F2D2F873000284B5F /* migr8UITests.xctest */;
			productType = "com.apple.product-type.bundle.ui-testing";
		};
/* End PBXNativeTarget section */

/* Begin PBXProject section */
		72EFE2692D2F873000284B5F /* Project object */ = {
			isa = PBXProject;
			attributes = {
				BuildIndependentTargetsInParallel = 1;
				LastSwiftUpdateCheck = 1620;
				LastUpgradeCheck = 1620;
				TargetAttributes = {
					72EFE2702D2F873000284B5F = {
						CreatedOnToolsVersion = 16.2;
					};
					72EFE2842D2F873000284B5F = {
						CreatedOnToolsVersion = 16.2;
						TestTargetID = 72EFE2702D2F873000284B5F;
					};
					72EFE28E2D2F873000284B5F = {
						CreatedOnToolsVersion = 16.2;
						TestTargetID = 72EFE2702D2F873000284B5F;
					};
				};
			};
			buildConfigurationList = 72EFE26C2D2F873000284B5F /* Build configuration list for PBXProject "migr8" */;
			developmentRegion = en;
			hasScannedForEncodings = 0;
			knownRegions = (
				en,
				Base,
			);
			mainGroup = 72EFE2682D2F873000284B5F;
			minimizedProjectReferenceProxies = 1;
			preferredProjectObjectVersion = 77;
			productRefGroup = 72EFE2722D2F873000284B5F /* Products */;
			projectDirPath = "";
			projectRoot = "";
			targets = (
				72EFE2702D2F873000284B5F /* migr8 */,
				72EFE2842D2F873000284B5F /* migr8Tests */,
				72EFE28E2D2F873000284B5F /* migr8UITests */,
			);
		};
/* End PBXProject section */

/* Begin PBXResourcesBuildPhase section */
		72EFE26F2D2F873000284B5F /* Resources */ = {
			isa = PBXResourcesBuildPhase;
			buildActionMask = 2147483647;
			files = (
				728C33F62DA4CFD800E794FF /* .gitignore in Resources */,
			);
			runOnlyForDeploymentPostprocessing = 0;
		};
		72EFE2832D2F873000284B5F /* Resources */ = {
			isa = PBXResourcesBuildPhase;
			buildActionMask = 2147483647;
			files = (
			);
			runOnlyForDeploymentPostprocessing = 0;
		};
		72EFE28D2D2F873000284B5F /* Resources */ = {
			isa = PBXResourcesBuildPhase;
			buildActionMask = 2147483647;
			files = (
			);
			runOnlyForDeploymentPostprocessing = 0;
		};
/* End PBXResourcesBuildPhase section */

/* Begin PBXSourcesBuildPhase section */
		72EFE26D2D2F873000284B5F /* Sources */ = {
			isa = PBXSourcesBuildPhase;
			buildActionMask = 2147483647;
			files = (
			);
			runOnlyForDeploymentPostprocessing = 0;
		};
		72EFE2812D2F873000284B5F /* Sources */ = {
			isa = PBXSourcesBuildPhase;
			buildActionMask = 2147483647;
			files = (
			);
			runOnlyForDeploymentPostprocessing = 0;
		};
		72EFE28B2D2F873000284B5F /* Sources */ = {
			isa = PBXSourcesBuildPhase;
			buildActionMask = 2147483647;
			files = (
			);
			runOnlyForDeploymentPostprocessing = 0;
		};
/* End PBXSourcesBuildPhase section */

/* Begin PBXTargetDependency section */
		72EFE2872D2F873000284B5F /* PBXTargetDependency */ = {
			isa = PBXTargetDependency;
			target = 72EFE2702D2F873000284B5F /* migr8 */;
			targetProxy = 72EFE2862D2F873000284B5F /* PBXContainerItemProxy */;
		};
		72EFE2912D2F873000284B5F /* PBXTargetDependency */ = {
			isa = PBXTargetDependency;
			target = 72EFE2702D2F873000284B5F /* migr8 */;
			targetProxy = 72EFE2902D2F873000284B5F /* PBXContainerItemProxy */;
		};
/* End PBXTargetDependency section */

/* Begin XCBuildConfiguration section */
		72EFE2992D2F873000284B5F /* Debug */ = {
			isa = XCBuildConfiguration;
			buildSettings = {
				ASSETCATALOG_COMPILER_APPICON_NAME = AppIcon;
				ASSETCATALOG_COMPILER_GLOBAL_ACCENT_COLOR_NAME = AccentColor;
				ASSETCATALOG_COMPILER_INCLUDE_ALL_APPICON_ASSETS = YES;
				CODE_SIGN_ENTITLEMENTS = "";
				CODE_SIGN_STYLE = Automatic;
				CURRENT_PROJECT_VERSION = 1;
				DEVELOPMENT_ASSET_PATHS = "\"migr8/Preview Content\"";
				DEVELOPMENT_TEAM = R88SNYYM4M;
				ENABLE_PREVIEWS = YES;
				GENERATE_INFOPLIST_FILE = YES;
				INFOPLIST_FILE = migr8/Info.plist;
				INFOPLIST_KEY_CFBundleDisplayName = migr8;
				INFOPLIST_KEY_LSApplicationCategoryType = "public.app-category.travel";
				INFOPLIST_KEY_NSLocationAlwaysAndWhenInUseUsageDescription = "We need your location to match you with nearby riders and track your route during rides";
				INFOPLIST_KEY_NSLocationWhenInUseUsageDescription = "We need your location to match you with nearby riders";
				INFOPLIST_KEY_UIApplicationSceneManifest_Generation = YES;
				INFOPLIST_KEY_UIApplicationSupportsIndirectInputEvents = YES;
				INFOPLIST_KEY_UILaunchScreen_Generation = YES;
				INFOPLIST_KEY_UIStatusBarStyle = UIStatusBarStyleDefault;
				INFOPLIST_KEY_UISupportedInterfaceOrientations = "UIInterfaceOrientationPortrait UIInterfaceOrientationPortraitUpsideDown";
				IPHONEOS_DEPLOYMENT_TARGET = 18.0;
				LD_RUNPATH_SEARCH_PATHS = (
					"$(inherited)",
					"@executable_path/Frameworks",
				);
				MARKETING_VERSION = 0.01;
				OTHER_LDFLAGS = "-v";
				PRODUCT_BUNDLE_IDENTIFIER = santanag1223.apps.migr8;
				PRODUCT_NAME = "$(TARGET_NAME)";
				PROVISIONING_PROFILE_SPECIFIER = "";
				SUPPORTED_PLATFORMS = "iphoneos iphonesimulator";
				SUPPORTS_MACCATALYST = NO;
				SUPPORTS_XR_DESIGNED_FOR_IPHONE_IPAD = NO;
				SWIFT_EMIT_LOC_STRINGS = YES;
				SWIFT_VERSION = 5.0;
				TARGETED_DEVICE_FAMILY = "1,2";
			};
			name = Debug;
		};
		72EFE29A2D2F873000284B5F /* Release */ = {
			isa = XCBuildConfiguration;
			buildSettings = {
				ASSETCATALOG_COMPILER_APPICON_NAME = AppIcon;
				ASSETCATALOG_COMPILER_GLOBAL_ACCENT_COLOR_NAME = AccentColor;
				ASSETCATALOG_COMPILER_INCLUDE_ALL_APPICON_ASSETS = YES;
				CODE_SIGN_ENTITLEMENTS = "";
				CODE_SIGN_IDENTITY = "Apple Development";
				CODE_SIGN_STYLE = Automatic;
				CURRENT_PROJECT_VERSION = 1;
				DEVELOPMENT_ASSET_PATHS = "\"migr8/Preview Content\"";
				DEVELOPMENT_TEAM = R88SNYYM4M;
				ENABLE_PREVIEWS = YES;
				GENERATE_INFOPLIST_FILE = YES;
				INFOPLIST_FILE = migr8/Info.plist;
				INFOPLIST_KEY_CFBundleDisplayName = migr8;
				INFOPLIST_KEY_LSApplicationCategoryType = "public.app-category.travel";
				INFOPLIST_KEY_NSLocationAlwaysAndWhenInUseUsageDescription = "We need your location to match you with nearby riders and track your route during rides";
				INFOPLIST_KEY_NSLocationWhenInUseUsageDescription = "We need your location to match you with nearby riders";
				INFOPLIST_KEY_UIApplicationSceneManifest_Generation = YES;
				INFOPLIST_KEY_UIApplicationSupportsIndirectInputEvents = YES;
				INFOPLIST_KEY_UILaunchScreen_Generation = YES;
				INFOPLIST_KEY_UIStatusBarStyle = UIStatusBarStyleDefault;
				INFOPLIST_KEY_UISupportedInterfaceOrientations = "UIInterfaceOrientationPortrait UIInterfaceOrientationPortraitUpsideDown";
				IPHONEOS_DEPLOYMENT_TARGET = 18.0;
				LD_RUNPATH_SEARCH_PATHS = (
					"$(inherited)",
					"@executable_path/Frameworks",
				);
				MARKETING_VERSION = 0.01;
				OTHER_LDFLAGS = "-v";
				PRODUCT_BUNDLE_IDENTIFIER = santanag1223.apps.migr8;
				PRODUCT_NAME = "$(TARGET_NAME)";
				PROVISIONING_PROFILE_SPECIFIER = "";
				SUPPORTED_PLATFORMS = "iphoneos iphonesimulator";
				SUPPORTS_MACCATALYST = NO;
				SUPPORTS_XR_DESIGNED_FOR_IPHONE_IPAD = NO;
				SWIFT_EMIT_LOC_STRINGS = YES;
				SWIFT_VERSION = 5.0;
				TARGETED_DEVICE_FAMILY = "1,2";
			};
			name = Release;
		};
		72EFE29B2D2F873000284B5F /* Debug */ = {
			isa = XCBuildConfiguration;
			buildSettings = {
				ALWAYS_SEARCH_USER_PATHS = NO;
				ASSETCATALOG_COMPILER_GENERATE_SWIFT_ASSET_SYMBOL_EXTENSIONS = YES;
				CLANG_ANALYZER_NONNULL = YES;
				CLANG_ANALYZER_NUMBER_OBJECT_CONVERSION = YES_AGGRESSIVE;
				CLANG_CXX_LANGUAGE_STANDARD = "gnu++20";
				CLANG_ENABLE_MODULES = YES;
				CLANG_ENABLE_OBJC_ARC = YES;
				CLANG_ENABLE_OBJC_WEAK = YES;
				CLANG_WARN_BLOCK_CAPTURE_AUTORELEASING = YES;
				CLANG_WARN_BOOL_CONVERSION = YES;
				CLANG_WARN_COMMA = YES;
				CLANG_WARN_CONSTANT_CONVERSION = YES;
				CLANG_WARN_DEPRECATED_OBJC_IMPLEMENTATIONS = YES;
				CLANG_WARN_DIRECT_OBJC_ISA_USAGE = YES_ERROR;
				CLANG_WARN_DOCUMENTATION_COMMENTS = YES;
				CLANG_WARN_EMPTY_BODY = YES;
				CLANG_WARN_ENUM_CONVERSION = YES;
				CLANG_WARN_INFINITE_RECURSION = YES;
				CLANG_WARN_INT_CONVERSION = YES;
				CLANG_WARN_NON_LITERAL_NULL_CONVERSION = YES;
				CLANG_WARN_OBJC_IMPLICIT_RETAIN_SELF = YES;
				CLANG_WARN_OBJC_LITERAL_CONVERSION = YES;
				CLANG_WARN_OBJC_ROOT_CLASS = YES_ERROR;
				CLANG_WARN_QUOTED_INCLUDE_IN_FRAMEWORK_HEADER = YES;
				CLANG_WARN_RANGE_LOOP_ANALYSIS = YES;
				CLANG_WARN_STRICT_PROTOTYPES = YES;
				CLANG_WARN_SUSPICIOUS_MOVE = YES;
				CLANG_WARN_UNGUARDED_AVAILABILITY = YES_AGGRESSIVE;
				CLANG_WARN_UNREACHABLE_CODE = YES;
				CLANG_WARN__DUPLICATE_METHOD_MATCH = YES;
				COPY_PHASE_STRIP = NO;
				DEBUG_INFORMATION_FORMAT = dwarf;
				ENABLE_STRICT_OBJC_MSGSEND = YES;
				ENABLE_TESTABILITY = YES;
				ENABLE_USER_SCRIPT_SANDBOXING = YES;
				GCC_C_LANGUAGE_STANDARD = gnu17;
				GCC_DYNAMIC_NO_PIC = NO;
				GCC_NO_COMMON_BLOCKS = YES;
				GCC_OPTIMIZATION_LEVEL = 0;
				GCC_PREPROCESSOR_DEFINITIONS = (
					"DEBUG=1",
					"$(inherited)",
				);
				GCC_WARN_64_TO_32_BIT_CONVERSION = YES;
				GCC_WARN_ABOUT_RETURN_TYPE = YES_ERROR;
				GCC_WARN_UNDECLARED_SELECTOR = YES;
				GCC_WARN_UNINITIALIZED_AUTOS = YES_AGGRESSIVE;
				GCC_WARN_UNUSED_FUNCTION = YES;
				GCC_WARN_UNUSED_VARIABLE = YES;
				IPHONEOS_DEPLOYMENT_TARGET = 18.2;
				LOCALIZATION_PREFERS_STRING_CATALOGS = YES;
				MTL_ENABLE_DEBUG_INFO = INCLUDE_SOURCE;
				MTL_FAST_MATH = YES;
				ONLY_ACTIVE_ARCH = YES;
				SDKROOT = iphoneos;
				SWIFT_ACTIVE_COMPILATION_CONDITIONS = "DEBUG $(inherited)";
				SWIFT_OPTIMIZATION_LEVEL = "-Onone";
			};
			name = Debug;
		};
		72EFE29C2D2F873000284B5F /* Release */ = {
			isa = XCBuildConfiguration;
			buildSettings = {
				ALWAYS_SEARCH_USER_PATHS = NO;
				ASSETCATALOG_COMPILER_GENERATE_SWIFT_ASSET_SYMBOL_EXTENSIONS = YES;
				CLANG_ANALYZER_NONNULL = YES;
				CLANG_ANALYZER_NUMBER_OBJECT_CONVERSION = YES_AGGRESSIVE;
				CLANG_CXX_LANGUAGE_STANDARD = "gnu++20";
				CLANG_ENABLE_MODULES = YES;
				CLANG_ENABLE_OBJC_ARC = YES;
				CLANG_ENABLE_OBJC_WEAK = YES;
				CLANG_WARN_BLOCK_CAPTURE_AUTORELEASING = YES;
				CLANG_WARN_BOOL_CONVERSION = YES;
				CLANG_WARN_COMMA = YES;
				CLANG_WARN_CONSTANT_CONVERSION = YES;
				CLANG_WARN_DEPRECATED_OBJC_IMPLEMENTATIONS = YES;
				CLANG_WARN_DIRECT_OBJC_ISA_USAGE = YES_ERROR;
				CLANG_WARN_DOCUMENTATION_COMMENTS = YES;
				CLANG_WARN_EMPTY_BODY = YES;
				CLANG_WARN_ENUM_CONVERSION = YES;
				CLANG_WARN_INFINITE_RECURSION = YES;
				CLANG_WARN_INT_CONVERSION = YES;
				CLANG_WARN_NON_LITERAL_NULL_CONVERSION = YES;
				CLANG_WARN_OBJC_IMPLICIT_RETAIN_SELF = YES;
				CLANG_WARN_OBJC_LITERAL_CONVERSION = YES;
				CLANG_WARN_OBJC_ROOT_CLASS = YES_ERROR;
				CLANG_WARN_QUOTED_INCLUDE_IN_FRAMEWORK_HEADER = YES;
				CLANG_WARN_RANGE_LOOP_ANALYSIS = YES;
				CLANG_WARN_STRICT_PROTOTYPES = YES;
				CLANG_WARN_SUSPICIOUS_MOVE = YES;
				CLANG_WARN_UNGUARDED_AVAILABILITY = YES_AGGRESSIVE;
				CLANG_WARN_UNREACHABLE_CODE = YES;
				CLANG_WARN__DUPLICATE_METHOD_MATCH = YES;
				COPY_PHASE_STRIP = NO;
				DEBUG_INFORMATION_FORMAT = "dwarf-with-dsym";
				ENABLE_NS_ASSERTIONS = NO;
				ENABLE_STRICT_OBJC_MSGSEND = YES;
				ENABLE_USER_SCRIPT_SANDBOXING = YES;
				GCC_C_LANGUAGE_STANDARD = gnu17;
				GCC_NO_COMMON_BLOCKS = YES;
				GCC_WARN_64_TO_32_BIT_CONVERSION = YES;
				GCC_WARN_ABOUT_RETURN_TYPE = YES_ERROR;
				GCC_WARN_UNDECLARED_SELECTOR = YES;
				GCC_WARN_UNINITIALIZED_AUTOS = YES_AGGRESSIVE;
				GCC_WARN_UNUSED_FUNCTION = YES;
				GCC_WARN_UNUSED_VARIABLE = YES;
				IPHONEOS_DEPLOYMENT_TARGET = 18.2;
				LOCALIZATION_PREFERS_STRING_CATALOGS = YES;
				MTL_ENABLE_DEBUG_INFO = NO;
				MTL_FAST_MATH = YES;
				SDKROOT = iphoneos;
				SWIFT_COMPILATION_MODE = wholemodule;
				VALIDATE_PRODUCT = YES;
			};
			name = Release;
		};
		72EFE29E2D2F873000284B5F /* Debug */ = {
			isa = XCBuildConfiguration;
			buildSettings = {
				BUNDLE_LOADER = "$(TEST_HOST)";
				CODE_SIGN_STYLE = Automatic;
				CURRENT_PROJECT_VERSION = 1;
				DEVELOPMENT_TEAM = R88SNYYM4M;
				GENERATE_INFOPLIST_FILE = YES;
				IPHONEOS_DEPLOYMENT_TARGET = 18.2;
				MARKETING_VERSION = 1.0;
				PRODUCT_BUNDLE_IDENTIFIER = MigrateApp.MigrateTests;
				PRODUCT_NAME = "$(TARGET_NAME)";
				SWIFT_EMIT_LOC_STRINGS = NO;
				SWIFT_VERSION = 5.0;
				TARGETED_DEVICE_FAMILY = "1,2";
				TEST_HOST = "$(BUILT_PRODUCTS_DIR)/migr8.app/$(BUNDLE_EXECUTABLE_FOLDER_PATH)/migr8";
			};
			name = Debug;
		};
		72EFE29F2D2F873000284B5F /* Release */ = {
			isa = XCBuildConfiguration;
			buildSettings = {
				BUNDLE_LOADER = "$(TEST_HOST)";
				CODE_SIGN_STYLE = Automatic;
				CURRENT_PROJECT_VERSION = 1;
				DEVELOPMENT_TEAM = R88SNYYM4M;
				GENERATE_INFOPLIST_FILE = YES;
				IPHONEOS_DEPLOYMENT_TARGET = 18.2;
				MARKETING_VERSION = 1.0;
				PRODUCT_BUNDLE_IDENTIFIER = MigrateApp.MigrateTests;
				PRODUCT_NAME = "$(TARGET_NAME)";
				SWIFT_EMIT_LOC_STRINGS = NO;
				SWIFT_VERSION = 5.0;
				TARGETED_DEVICE_FAMILY = "1,2";
				TEST_HOST = "$(BUILT_PRODUCTS_DIR)/migr8.app/$(BUNDLE_EXECUTABLE_FOLDER_PATH)/migr8";
			};
			name = Release;
		};
		72EFE2A12D2F873000284B5F /* Debug */ = {
			isa = XCBuildConfiguration;
			buildSettings = {
				CODE_SIGN_STYLE = Automatic;
				CURRENT_PROJECT_VERSION = 1;
				DEVELOPMENT_TEAM = R88SNYYM4M;
				GENERATE_INFOPLIST_FILE = YES;
				MARKETING_VERSION = 1.0;
				PRODUCT_BUNDLE_IDENTIFIER = MigrateApp.MigrateUITests;
				PRODUCT_NAME = "$(TARGET_NAME)";
				SWIFT_EMIT_LOC_STRINGS = NO;
				SWIFT_VERSION = 5.0;
				TARGETED_DEVICE_FAMILY = "1,2";
				TEST_TARGET_NAME = Migrate;
			};
			name = Debug;
		};
		72EFE2A22D2F873000284B5F /* Release */ = {
			isa = XCBuildConfiguration;
			buildSettings = {
				CODE_SIGN_STYLE = Automatic;
				CURRENT_PROJECT_VERSION = 1;
				DEVELOPMENT_TEAM = R88SNYYM4M;
				GENERATE_INFOPLIST_FILE = YES;
				MARKETING_VERSION = 1.0;
				PRODUCT_BUNDLE_IDENTIFIER = MigrateApp.MigrateUITests;
				PRODUCT_NAME = "$(TARGET_NAME)";
				SWIFT_EMIT_LOC_STRINGS = NO;
				SWIFT_VERSION = 5.0;
				TARGETED_DEVICE_FAMILY = "1,2";
				TEST_TARGET_NAME = Migrate;
			};
			name = Release;
		};
/* End XCBuildConfiguration section */

/* Begin XCConfigurationList section */
		72EFE26C2D2F873000284B5F /* Build configuration list for PBXProject "migr8" */ = {
			isa = XCConfigurationList;
			buildConfigurations = (
				72EFE29B2D2F873000284B5F /* Debug */,
				72EFE29C2D2F873000284B5F /* Release */,
			);
			defaultConfigurationIsVisible = 0;
			defaultConfigurationName = Release;
		};
		72EFE2982D2F873000284B5F /* Build configuration list for PBXNativeTarget "migr8" */ = {
			isa = XCConfigurationList;
			buildConfigurations = (
				72EFE2992D2F873000284B5F /* Debug */,
				72EFE29A2D2F873000284B5F /* Release */,
			);
			defaultConfigurationIsVisible = 0;
			defaultConfigurationName = Release;
		};
		72EFE29D2D2F873000284B5F /* Build configuration list for PBXNativeTarget "migr8Tests" */ = {
			isa = XCConfigurationList;
			buildConfigurations = (
				72EFE29E2D2F873000284B5F /* Debug */,
				72EFE29F2D2F873000284B5F /* Release */,
			);
			defaultConfigurationIsVisible = 0;
			defaultConfigurationName = Release;
		};
		72EFE2A02D2F873000284B5F /* Build configuration list for PBXNativeTarget "migr8UITests" */ = {
			isa = XCConfigurationList;
			buildConfigurations = (
				72EFE2A12D2F873000284B5F /* Debug */,
				72EFE2A22D2F873000284B5F /* Release */,
			);
			defaultConfigurationIsVisible = 0;
			defaultConfigurationName = Release;
		};
/* End XCConfigurationList section */
	};
	rootObject = 72EFE2692D2F873000284B5F /* Project object */;
}
